// !$*UTF8*$!
{
	archiveVersion = 1;
	classes = {
	};
	objectVersion = 46;
	objects = {

/* Begin PBXBuildFile section */
		6B09EA581BCE9B9500F15286 /* AppDelegate.swift in Sources */ = {isa = PBXBuildFile; fileRef = 6B09EA571BCE9B9500F15286 /* AppDelegate.swift */; };
		6B09EA5A1BCE9B9500F15286 /* ViewController.swift in Sources */ = {isa = PBXBuildFile; fileRef = 6B09EA591BCE9B9500F15286 /* ViewController.swift */; };
		6B09EA5C1BCE9B9500F15286 /* Assets.xcassets in Resources */ = {isa = PBXBuildFile; fileRef = 6B09EA5B1BCE9B9500F15286 /* Assets.xcassets */; };
		6B09EA5F1BCE9B9500F15286 /* Main.storyboard in Resources */ = {isa = PBXBuildFile; fileRef = 6B09EA5D1BCE9B9500F15286 /* Main.storyboard */; };
/* End PBXBuildFile section */

/* Begin PBXFileReference section */
		6B09EA541BCE9B9500F15286 /* OSXTutorial.app */ = {isa = PBXFileReference; explicitFileType = wrapper.application; includeInIndex = 0; path = OSXTutorial.app; sourceTree = BUILT_PRODUCTS_DIR; };
		6B09EA571BCE9B9500F15286 /* AppDelegate.swift */ = {isa = PBXFileReference; lastKnownFileType = sourcecode.swift; path = AppDelegate.swift; sourceTree = "<group>"; };
		6B09EA591BCE9B9500F15286 /* ViewController.swift */ = {isa = PBXFileReference; lastKnownFileType = sourcecode.swift; path = ViewController.swift; sourceTree = "<group>"; };
		6B09EA5B1BCE9B9500F15286 /* Assets.xcassets */ = {isa = PBXFileReference; lastKnownFileType = folder.assetcatalog; path = Assets.xcassets; sourceTree = "<group>"; };
		6B09EA5E1BCE9B9500F15286 /* Base */ = {isa = PBXFileReference; lastKnownFileType = file.storyboard; name = Base; path = Base.lproj/Main.storyboard; sourceTree = "<group>"; };
		6B09EA601BCE9B9500F15286 /* Info.plist */ = {isa = PBXFileReference; lastKnownFileType = text.plist.xml; path = Info.plist; sourceTree = "<group>"; };
/* End PBXFileReference section */

/* Begin PBXFrameworksBuildPhase section */
		6B09EA511BCE9B9500F15286 /* Frameworks */ = {
			isa = PBXFrameworksBuildPhase;
			buildActionMask = 2147483647;
			files = (
			);
			runOnlyForDeploymentPostprocessing = 0;
		};
/* End PBXFrameworksBuildPhase section */

/* Begin PBXGroup section */
		6B09EA4B1BCE9B9500F15286 = {
			isa = PBXGroup;
			children = (
				6B09EA561BCE9B9500F15286 /* OSXTutorial */,
				6B09EA551BCE9B9500F15286 /* Products */,
			);
			sourceTree = "<group>";
		};
		6B09EA551BCE9B9500F15286 /* Products */ = {
			isa = PBXGroup;
			children = (
				6B09EA541BCE9B9500F15286 /* OSXTutorial.app */,
			);
			name = Products;
			sourceTree = "<group>";
		};
		6B09EA561BCE9B9500F15286 /* OSXTutorial */ = {
			isa = PBXGroup;
			children = (
				6B09EA571BCE9B9500F15286 /* AppDelegate.swift */,
				6B09EA591BCE9B9500F15286 /* ViewController.swift */,
				6B09EA5B1BCE9B9500F15286 /* Assets.xcassets */,
				6B09EA5D1BCE9B9500F15286 /* Main.storyboard */,
				6B09EA601BCE9B9500F15286 /* Info.plist */,
			);
			path = OSXTutorial;
			sourceTree = "<group>";
		};
/* End PBXGroup section */

/* Begin PBXNativeTarget section */
		6B09EA531BCE9B9500F15286 /* OSXTutorial */ = {
			isa = PBXNativeTarget;
			buildConfigurationList = 6B09EA631BCE9B9500F15286 /* Build configuration list for PBXNativeTarget "OSXTutorial" */;
			buildPhases = (
				6B09EA501BCE9B9500F15286 /* Sources */,
				6B09EA511BCE9B9500F15286 /* Frameworks */,
				6B09EA521BCE9B9500F15286 /* Resources */,
			);
			buildRules = (
			);
			dependencies = (
			);
			name = OSXTutorial;
			productName = OSXTutorial;
			productReference = 6B09EA541BCE9B9500F15286 /* OSXTutorial.app */;
			productType = "com.apple.product-type.application";
		};
/* End PBXNativeTarget section */

/* Begin PBXProject section */
		6B09EA4C1BCE9B9500F15286 /* Project object */ = {
			isa = PBXProject;
			attributes = {
				LastUpgradeCheck = 0700;
				ORGANIZATIONNAME = CJS;
				TargetAttributes = {
					6B09EA531BCE9B9500F15286 = {
						CreatedOnToolsVersion = 7.0.1;
					};
				};
			};
			buildConfigurationList = 6B09EA4F1BCE9B9500F15286 /* Build configuration list for PBXProject "OSXTutorial" */;
			compatibilityVersion = "Xcode 3.2";
			developmentRegion = English;
			hasScannedForEncodings = 0;
			knownRegions = (
				en,
				Base,
			);
			mainGroup = 6B09EA4B1BCE9B9500F15286;
			productRefGroup = 6B09EA551BCE9B9500F15286 /* Products */;
			projectDirPath = "";
			projectRoot = "";
			targets = (
				6B09EA531BCE9B9500F15286 /* OSXTutorial */,
			);
		};
/* End PBXProject section */

/* Begin PBXResourcesBuildPhase section */
		6B09EA521BCE9B9500F15286 /* Resources */ = {
			isa = PBXResourcesBuildPhase;
			buildActionMask = 2147483647;
			files = (
				6B09EA5C1BCE9B9500F15286 /* Assets.xcassets in Resources */,
				6B09EA5F1BCE9B9500F15286 /* Main.storyboard in Resources */,
			);
			runOnlyForDeploymentPostprocessing = 0;
		};
/* End PBXResourcesBuildPhase section */

/* Begin PBXSourcesBuildPhase section */
		6B09EA501BCE9B9500F15286 /* Sources */ = {
			isa = PBXSourcesBuildPhase;
			buildActionMask = 2147483647;
			files = (
				6B09EA5A1BCE9B9500F15286 /* ViewController.swift in Sources */,
				6B09EA581BCE9B9500F15286 /* AppDelegate.swift in Sources */,
			);
			runOnlyForDeploymentPostprocessing = 0;
		};
/* End PBXSourcesBuildPhase section */

/* Begin PBXVariantGroup section */
		6B09EA5D1BCE9B9500F15286 /* Main.storyboard */ = {
			isa = PBXVariantGroup;
			children = (
				6B09EA5E1BCE9B9500F15286 /* Base */,
			);
			name = Main.storyboard;
			sourceTree = "<group>";
		};
/* End PBXVariantGroup section */

/* Begin XCBuildConfiguration section */
		6B09EA611BCE9B9500F15286 /* Debug */ = {
			isa = XCBuildConfiguration;
			buildSettings = {
				ALWAYS_SEARCH_USER_PATHS = NO;
				CLANG_CXX_LANGUAGE_STANDARD = "gnu++0x";
				CLANG_CXX_LIBRARY = "libc++";
				CLANG_ENABLE_MODULES = YES;
				CLANG_ENABLE_OBJC_ARC = YES;
				CLANG_WARN_BOOL_CONVERSION = YES;
				CLANG_WARN_CONSTANT_CONVERSION = YES;
				CLANG_WARN_DIRECT_OBJC_ISA_USAGE = YES_ERROR;
				CLANG_WARN_EMPTY_BODY = YES;
				CLANG_WARN_ENUM_CONVERSION = YES;
				CLANG_WARN_INT_CONVERSION = YES;
				CLANG_WARN_OBJC_ROOT_CLASS = YES_ERROR;
				CLANG_WARN_UNREACHABLE_CODE = YES;
				CLANG_WARN__DUPLICATE_METHOD_MATCH = YES;
				CODE_SIGN_IDENTITY = "-";
				COPY_PHASE_STRIP = NO;
				DEBUG_INFORMATION_FORMAT = dwarf;
				ENABLE_STRICT_OBJC_MSGSEND = YES;
				ENABLE_TESTABILITY = YES;
				GCC_C_LANGUAGE_STANDARD = gnu99;
				GCC_DYNAMIC_NO_PIC = NO;
				GCC_NO_COMMON_BLOCKS = YES;
				GCC_OPTIMIZATION_LEVEL = 0;
				GCC_PREPROCESSOR_DEFINITIONS = (
					"DEBUG=1",
					"$(inherited)",
				);
				GCC_WARN_64_TO_32_BIT_CONVERSION = YES;
				GCC_WARN_ABOUT_RETURN_TYPE = YES_ERROR;
				GCC_WARN_UNDECLARED_SELECTOR = YES;
				GCC_WARN_UNINITIALIZED_AUTOS = YES_AGGRESSIVE;
				GCC_WARN_UNUSED_FUNCTION = YES;
				GCC_WARN_UNUSED_VARIABLE = YES;
				MACOSX_DEPLOYMENT_TARGET = 10.10;
				MTL_ENABLE_DEBUG_INFO = YES;
				ONLY_ACTIVE_ARCH = YES;
				SDKROOT = macosx;
				SWIFT_OPTIMIZATION_LEVEL = "-Onone";
			};
			name = Debug;
		};
		6B09EA621BCE9B9500F15286 /* Release */ = {
			isa = XCBuildConfiguration;
			buildSettings = {
				ALWAYS_SEARCH_USER_PATHS = NO;
				CLANG_CXX_LANGUAGE_STANDARD = "gnu++0x";
				CLANG_CXX_LIBRARY = "libc++";
				CLANG_ENABLE_MODULES = YES;
				CLANG_ENABLE_OBJC_ARC = YES;
				CLANG_WARN_BOOL_CONVERSION = YES;
				CLANG_WARN_CONSTANT_CONVERSION = YES;
				CLANG_WARN_DIRECT_OBJC_ISA_USAGE = YES_ERROR;
				CLANG_WARN_EMPTY_BODY = YES;
				CLANG_WARN_ENUM_CONVERSION = YES;
				CLANG_WARN_INT_CONVERSION = YES;
				CLANG_WARN_OBJC_ROOT_CLASS = YES_ERROR;
				CLANG_WARN_UNREACHABLE_CODE = YES;
				CLANG_WARN__DUPLICATE_METHOD_MATCH = YES;
				CODE_SIGN_IDENTITY = "-";
				COPY_PHASE_STRIP = NO;
				DEBUG_INFORMATION_FORMAT = "dwarf-with-dsym";
				ENABLE_NS_ASSERTIONS = NO;
				ENABLE_STRICT_OBJC_MSGSEND = YES;
				GCC_C_LANGUAGE_STANDARD = gnu99;
				GCC_NO_COMMON_BLOCKS = YES;
				GCC_WARN_64_TO_32_BIT_CONVERSION = YES;
				GCC_WARN_ABOUT_RETURN_TYPE = YES_ERROR;
				GCC_WARN_UNDECLARED_SELECTOR = YES;
				GCC_WARN_UNINITIALIZED_AUTOS = YES_AGGRESSIVE;
				GCC_WARN_UNUSED_FUNCTION = YES;
				GCC_WARN_UNUSED_VARIABLE = YES;
				MACOSX_DEPLOYMENT_TARGET = 10.10;
				MTL_ENABLE_DEBUG_INFO = NO;
				SDKROOT = macosx;
			};
			name = Release;
		};
		6B09EA641BCE9B9500F15286 /* Debug */ = {
			isa = XCBuildConfiguration;
			buildSettings = {
				ASSETCATALOG_COMPILER_APPICON_NAME = AppIcon;
				COMBINE_HIDPI_IMAGES = YES;
				INFOPLIST_FILE = OSXTutorial/Info.plist;
				LD_RUNPATH_SEARCH_PATHS = "$(inherited) @executable_path/../Frameworks";
				PRODUCT_BUNDLE_IDENTIFIER = com.cjs.OSXTutorial;
				PRODUCT_NAME = "$(TARGET_NAME)";
			};
			name = Debug;
		};
		6B09EA651BCE9B9500F15286 /* Release */ = {
			isa = XCBuildConfiguration;
			buildSettings = {
				ASSETCATALOG_COMPILER_APPICON_NAME = AppIcon;
				COMBINE_HIDPI_IMAGES = YES;
				INFOPLIST_FILE = OSXTutorial/Info.plist;
				LD_RUNPATH_SEARCH_PATHS = "$(inherited) @executable_path/../Frameworks";
				PRODUCT_BUNDLE_IDENTIFIER = com.cjs.OSXTutorial;
				PRODUCT_NAME = "$(TARGET_NAME)";
			};
			name = Release;
		};
/* End XCBuildConfiguration section */

/* Begin XCConfigurationList section */
		6B09EA4F1BCE9B9500F15286 /* Build configuration list for PBXProject "OSXTutorial" */ = {
			isa = XCConfigurationList;
			buildConfigurations = (
				6B09EA611BCE9B9500F15286 /* Debug */,
				6B09EA621BCE9B9500F15286 /* Release */,
			);
			defaultConfigurationIsVisible = 0;
			defaultConfigurationName = Release;
		};
		6B09EA631BCE9B9500F15286 /* Build configuration list for PBXNativeTarget "OSXTutorial" */ = {
			isa = XCConfigurationList;
			buildConfigurations = (
				6B09EA641BCE9B9500F15286 /* Debug */,
				6B09EA651BCE9B9500F15286 /* Release */,
			);
			defaultConfigurationIsVisible = 0;
		};
/* End XCConfigurationList section */
	};
	rootObject = 6B09EA4C1BCE9B9500F15286 /* Project object */;
}
